
Microsoft Visual Studio Solution File, Format Version 12.00
# Visual Studio Version 16
VisualStudioVersion = 16.0.30503.244
MinimumVisualStudioVersion = 10.0.40219.1
Project("{FAE04EC0-301F-11D3-BF4B-00C04F79EFBC}") = "Static Property", "Static Property.csproj", "{009730A3-1B56-4B0F-A0E2-1E40DFDD2359}"
EndProject
Global
	GlobalSection(SolutionConfigurationPlatforms) = preSolution
		Debug|Any CPU = Debug|Any CPU
		Release|Any CPU = Release|Any CPU
	EndGlobalSection
	GlobalSection(ProjectConfigurationPlatforms) = postSolution
		{009730A3-1B56-4B0F-A0E2-1E40DFDD2359}.Debug|Any CPU.ActiveCfg = Debug|Any CPU
		{009730A3-1B56-4B0F-A0E2-1E40DFDD2359}.Debug|Any CPU.Build.0 = Debug|Any CPU
		{009730A3-1B56-4B0F-A0E2-1E40DFDD2359}.Release|Any CPU.ActiveCfg = Release|Any CPU
		{009730A3-1B56-4B0F-A0E2-1E40DFDD2359}.Release|Any CPU.Build.0 = Release|Any CPU
	EndGlobalSection
	GlobalSection(SolutionProperties) = preSolution
		HideSolutionNode = FALSE
	EndGlobalSection
	GlobalSection(ExtensibilityGlobals) = postSolution
		SolutionGuid = {329F6531-431B-4CA2-AD34-5EFEC5B5159E}
	EndGlobalSection
EndGlobal
